
Microsoft Visual Studio Solution File, Format Version 12.00
# Visual Studio Version 17
VisualStudioVersion = 17.2.32516.85
MinimumVisualStudioVersion = 10.0.40219.1
Project("{FAE04EC0-301F-11D3-BF4B-00C04F79EFBC}") = "ImageResizer3000", "ImageResizer3000\ImageResizer3000.csproj", "{57EEA3A7-D233-475F-913F-821132FAF472}"
EndProject
Global
	GlobalSection(SolutionConfigurationPlatforms) = preSolution
		Debug|Any CPU = Debug|Any CPU
		Release|Any CPU = Release|Any CPU
	EndGlobalSection
	GlobalSection(ProjectConfigurationPlatforms) = postSolution
		{57EEA3A7-D233-475F-913F-821132FAF472}.Debug|Any CPU.ActiveCfg = Debug|Any CPU
		{57EEA3A7-D233-475F-913F-821132FAF472}.Debug|Any CPU.Build.0 = Debug|Any CPU
		{57EEA3A7-D233-475F-913F-821132FAF472}.Release|Any CPU.ActiveCfg = Release|Any CPU
		{57EEA3A7-D233-475F-913F-821132FAF472}.Release|Any CPU.Build.0 = Release|Any CPU
	EndGlobalSection
	GlobalSection(SolutionProperties) = preSolution
		HideSolutionNode = FALSE
	EndGlobalSection
	GlobalSection(ExtensibilityGlobals) = postSolution
		SolutionGuid = {98B8032E-EFE6-4959-8668-85FF6F0CE229}
	EndGlobalSection
EndGlobal
